
Microsoft Visual Studio Solution File, Format Version 12.00
# Visual Studio Version 17
VisualStudioVersion = 17.10.35013.160
MinimumVisualStudioVersion = 10.0.40219.1
Project("{FAE04EC0-301F-11D3-BF4B-00C04F79EFBC}") = "CustomAuth", "CustomAuth\CustomAuth.csproj", "{92CD8632-C6CE-47CA-BAC0-DC8524454B0B}"
EndProject
Global
	GlobalSection(SolutionConfigurationPlatforms) = preSolution
		Debug|Any CPU = Debug|Any CPU
		Release|Any CPU = Release|Any CPU
	EndGlobalSection
	GlobalSection(ProjectConfigurationPlatforms) = postSolution
		{92CD8632-C6CE-47CA-BAC0-DC8524454B0B}.Debug|Any CPU.ActiveCfg = Debug|Any CPU
		{92CD8632-C6CE-47CA-BAC0-DC8524454B0B}.Debug|Any CPU.Build.0 = Debug|Any CPU
		{92CD8632-C6CE-47CA-BAC0-DC8524454B0B}.Release|Any CPU.ActiveCfg = Release|Any CPU
		{92CD8632-C6CE-47CA-BAC0-DC8524454B0B}.Release|Any CPU.Build.0 = Release|Any CPU
	EndGlobalSection
	GlobalSection(SolutionProperties) = preSolution
		HideSolutionNode = FALSE
	EndGlobalSection
	GlobalSection(ExtensibilityGlobals) = postSolution
		SolutionGuid = {9B805A27-A366-4855-AE6C-25BDA4ECF0C3}
	EndGlobalSection
EndGlobal
